
Microsoft Visual Studio Solution File, Format Version 12.00
# Visual Studio 15
VisualStudioVersion = 15.0.27703.2018
MinimumVisualStudioVersion = 10.0.40219.1
Project("{FAE04EC0-301F-11D3-BF4B-00C04F79EFBC}") = "SudokuSolver", "SudokuSolver\SudokuSolver.csproj", "{AC73561D-CD0D-4D1B-A1D7-683C55F79C3E}"
EndProject
Global
	GlobalSection(SolutionConfigurationPlatforms) = preSolution
		Debug|Any CPU = Debug|Any CPU
		Release|Any CPU = Release|Any CPU
	EndGlobalSection
	GlobalSection(ProjectConfigurationPlatforms) = postSolution
		{AC73561D-CD0D-4D1B-A1D7-683C55F79C3E}.Debug|Any CPU.ActiveCfg = Debug|Any CPU
		{AC73561D-CD0D-4D1B-A1D7-683C55F79C3E}.Debug|Any CPU.Build.0 = Debug|Any CPU
		{AC73561D-CD0D-4D1B-A1D7-683C55F79C3E}.Release|Any CPU.ActiveCfg = Release|Any CPU
		{AC73561D-CD0D-4D1B-A1D7-683C55F79C3E}.Release|Any CPU.Build.0 = Release|Any CPU
	EndGlobalSection
	GlobalSection(SolutionProperties) = preSolution
		HideSolutionNode = FALSE
	EndGlobalSection
	GlobalSection(ExtensibilityGlobals) = postSolution
		SolutionGuid = {2D57E327-3B08-4A76-9B04-C4FC3006DBD0}
	EndGlobalSection
EndGlobal
